
Microsoft Visual Studio Solution File, Format Version 12.00
# Visual Studio Version 16
VisualStudioVersion = 16.0.30907.101
MinimumVisualStudioVersion = 10.0.40219.1
Project("{FAE04EC0-301F-11D3-BF4B-00C04F79EFBC}") = "M3_TraitementException1", "M3_TraitementException1\M3_TraitementException1.csproj", "{B5424A02-B0F6-44FC-9EE1-C7EA939390FD}"
EndProject
Global
	GlobalSection(SolutionConfigurationPlatforms) = preSolution
		Debug|Any CPU = Debug|Any CPU
		Release|Any CPU = Release|Any CPU
	EndGlobalSection
	GlobalSection(ProjectConfigurationPlatforms) = postSolution
		{B5424A02-B0F6-44FC-9EE1-C7EA939390FD}.Debug|Any CPU.ActiveCfg = Debug|Any CPU
		{B5424A02-B0F6-44FC-9EE1-C7EA939390FD}.Debug|Any CPU.Build.0 = Debug|Any CPU
		{B5424A02-B0F6-44FC-9EE1-C7EA939390FD}.Release|Any CPU.ActiveCfg = Release|Any CPU
		{B5424A02-B0F6-44FC-9EE1-C7EA939390FD}.Release|Any CPU.Build.0 = Release|Any CPU
	EndGlobalSection
	GlobalSection(SolutionProperties) = preSolution
		HideSolutionNode = FALSE
	EndGlobalSection
	GlobalSection(ExtensibilityGlobals) = postSolution
		SolutionGuid = {319B0A8A-E444-485B-8AC5-C3F4F2F5822E}
	EndGlobalSection
EndGlobal
