
Microsoft Visual Studio Solution File, Format Version 12.00
# Visual Studio Version 16
VisualStudioVersion = 16.0.31829.152
MinimumVisualStudioVersion = 10.0.40219.1
Project("{FAE04EC0-301F-11D3-BF4B-00C04F79EFBC}") = "FormatsEchanges_LibrairieClasses", "M6_FormatsEchanges2\FormatsEchanges_LibrairieClasses.csproj", "{86B054C3-1970-409C-8C77-2C12742A6316}"
EndProject
Project("{FAE04EC0-301F-11D3-BF4B-00C04F79EFBC}") = "FormatsEchanges_TestsUnitaires", "FormatsEchanges_TestsUnitaires\FormatsEchanges_TestsUnitaires.csproj", "{F19F67F4-F7F7-4AAF-AA8E-CC2837C48461}"
EndProject
Project("{FAE04EC0-301F-11D3-BF4B-00C04F79EFBC}") = "FormatsEchanges_Console", "FormatsEchanges_Console\FormatsEchanges_Console.csproj", "{75636986-87F0-4D6A-9963-9B70C73B1162}"
EndProject
Global
	GlobalSection(SolutionConfigurationPlatforms) = preSolution
		Debug|Any CPU = Debug|Any CPU
		Release|Any CPU = Release|Any CPU
	EndGlobalSection
	GlobalSection(ProjectConfigurationPlatforms) = postSolution
		{86B054C3-1970-409C-8C77-2C12742A6316}.Debug|Any CPU.ActiveCfg = Debug|Any CPU
		{86B054C3-1970-409C-8C77-2C12742A6316}.Debug|Any CPU.Build.0 = Debug|Any CPU
		{86B054C3-1970-409C-8C77-2C12742A6316}.Release|Any CPU.ActiveCfg = Release|Any CPU
		{86B054C3-1970-409C-8C77-2C12742A6316}.Release|Any CPU.Build.0 = Release|Any CPU
		{F19F67F4-F7F7-4AAF-AA8E-CC2837C48461}.Debug|Any CPU.ActiveCfg = Debug|Any CPU
		{F19F67F4-F7F7-4AAF-AA8E-CC2837C48461}.Debug|Any CPU.Build.0 = Debug|Any CPU
		{F19F67F4-F7F7-4AAF-AA8E-CC2837C48461}.Release|Any CPU.ActiveCfg = Release|Any CPU
		{F19F67F4-F7F7-4AAF-AA8E-CC2837C48461}.Release|Any CPU.Build.0 = Release|Any CPU
		{75636986-87F0-4D6A-9963-9B70C73B1162}.Debug|Any CPU.ActiveCfg = Debug|Any CPU
		{75636986-87F0-4D6A-9963-9B70C73B1162}.Debug|Any CPU.Build.0 = Debug|Any CPU
		{75636986-87F0-4D6A-9963-9B70C73B1162}.Release|Any CPU.ActiveCfg = Release|Any CPU
		{75636986-87F0-4D6A-9963-9B70C73B1162}.Release|Any CPU.Build.0 = Release|Any CPU
	EndGlobalSection
	GlobalSection(SolutionProperties) = preSolution
		HideSolutionNode = FALSE
	EndGlobalSection
	GlobalSection(ExtensibilityGlobals) = postSolution
		SolutionGuid = {4EA61980-004B-457F-B0B9-B428CF274234}
	EndGlobalSection
EndGlobal
