
Microsoft Visual Studio Solution File, Format Version 12.00
# Visual Studio Version 16
VisualStudioVersion = 16.0.31829.152
MinimumVisualStudioVersion = 10.0.40219.1
Project("{FAE04EC0-301F-11D3-BF4B-00C04F79EFBC}") = "TraitementImage_UI", "TraitementImage_UI\TraitementImage_UI.csproj", "{BACEB32D-1D5C-4DE5-BF36-11919AA5B261}"
EndProject
Global
	GlobalSection(SolutionConfigurationPlatforms) = preSolution
		Debug|Any CPU = Debug|Any CPU
		Release|Any CPU = Release|Any CPU
	EndGlobalSection
	GlobalSection(ProjectConfigurationPlatforms) = postSolution
		{BACEB32D-1D5C-4DE5-BF36-11919AA5B261}.Debug|Any CPU.ActiveCfg = Debug|Any CPU
		{BACEB32D-1D5C-4DE5-BF36-11919AA5B261}.Debug|Any CPU.Build.0 = Debug|Any CPU
		{BACEB32D-1D5C-4DE5-BF36-11919AA5B261}.Release|Any CPU.ActiveCfg = Release|Any CPU
		{BACEB32D-1D5C-4DE5-BF36-11919AA5B261}.Release|Any CPU.Build.0 = Release|Any CPU
	EndGlobalSection
	GlobalSection(SolutionProperties) = preSolution
		HideSolutionNode = FALSE
	EndGlobalSection
	GlobalSection(ExtensibilityGlobals) = postSolution
		SolutionGuid = {DE065A69-A7B6-4455-B0BA-4D103BB82B04}
	EndGlobalSection
EndGlobal
