
Microsoft Visual Studio Solution File, Format Version 12.00
# Visual Studio Version 16
VisualStudioVersion = 16.0.31829.152
MinimumVisualStudioVersion = 10.0.40219.1
Project("{FAE04EC0-301F-11D3-BF4B-00C04F79EFBC}") = "ApplicationGraphique_Winform", "ApplicationGraphique_Winform\ApplicationGraphique_Winform.csproj", "{CDB62643-CE79-4E32-8850-F252E12577D1}"
EndProject
Project("{FAE04EC0-301F-11D3-BF4B-00C04F79EFBC}") = "LibrairieClasses", "LibrairieClasses\LibrairieClasses.csproj", "{23C5A7FF-C5EF-47A3-9059-C923ACFF7955}"
EndProject
Global
	GlobalSection(SolutionConfigurationPlatforms) = preSolution
		Debug|Any CPU = Debug|Any CPU
		Release|Any CPU = Release|Any CPU
	EndGlobalSection
	GlobalSection(ProjectConfigurationPlatforms) = postSolution
		{CDB62643-CE79-4E32-8850-F252E12577D1}.Debug|Any CPU.ActiveCfg = Debug|Any CPU
		{CDB62643-CE79-4E32-8850-F252E12577D1}.Debug|Any CPU.Build.0 = Debug|Any CPU
		{CDB62643-CE79-4E32-8850-F252E12577D1}.Release|Any CPU.ActiveCfg = Release|Any CPU
		{CDB62643-CE79-4E32-8850-F252E12577D1}.Release|Any CPU.Build.0 = Release|Any CPU
		{23C5A7FF-C5EF-47A3-9059-C923ACFF7955}.Debug|Any CPU.ActiveCfg = Debug|Any CPU
		{23C5A7FF-C5EF-47A3-9059-C923ACFF7955}.Debug|Any CPU.Build.0 = Debug|Any CPU
		{23C5A7FF-C5EF-47A3-9059-C923ACFF7955}.Release|Any CPU.ActiveCfg = Release|Any CPU
		{23C5A7FF-C5EF-47A3-9059-C923ACFF7955}.Release|Any CPU.Build.0 = Release|Any CPU
	EndGlobalSection
	GlobalSection(SolutionProperties) = preSolution
		HideSolutionNode = FALSE
	EndGlobalSection
	GlobalSection(ExtensibilityGlobals) = postSolution
		SolutionGuid = {E86D6A05-C917-40B6-BD5E-3A6AE93E3685}
	EndGlobalSection
EndGlobal
