
Microsoft Visual Studio Solution File, Format Version 12.00
# Visual Studio Version 16
VisualStudioVersion = 16.0.31829.152
MinimumVisualStudioVersion = 10.0.40219.1
Project("{FAE04EC0-301F-11D3-BF4B-00C04F79EFBC}") = "TraitementImages_UI", "TraitementImages_UI\TraitementImages_UI.csproj", "{042ABCC5-3CDF-424E-B2D4-FF58BC8A2980}"
EndProject
Global
	GlobalSection(SolutionConfigurationPlatforms) = preSolution
		Debug|Any CPU = Debug|Any CPU
		Release|Any CPU = Release|Any CPU
	EndGlobalSection
	GlobalSection(ProjectConfigurationPlatforms) = postSolution
		{042ABCC5-3CDF-424E-B2D4-FF58BC8A2980}.Debug|Any CPU.ActiveCfg = Debug|Any CPU
		{042ABCC5-3CDF-424E-B2D4-FF58BC8A2980}.Debug|Any CPU.Build.0 = Debug|Any CPU
		{042ABCC5-3CDF-424E-B2D4-FF58BC8A2980}.Release|Any CPU.ActiveCfg = Release|Any CPU
		{042ABCC5-3CDF-424E-B2D4-FF58BC8A2980}.Release|Any CPU.Build.0 = Release|Any CPU
	EndGlobalSection
	GlobalSection(SolutionProperties) = preSolution
		HideSolutionNode = FALSE
	EndGlobalSection
	GlobalSection(ExtensibilityGlobals) = postSolution
		SolutionGuid = {5F201A90-F6A6-44AB-9133-322300392902}
	EndGlobalSection
EndGlobal
